
Microsoft Visual Studio Solution File, Format Version 12.00
# Visual Studio Version 17
VisualStudioVersion = 17.9.34701.34
MinimumVisualStudioVersion = 10.0.40219.1
Project("{FAE04EC0-301F-11D3-BF4B-00C04F79EFBC}") = "SnapLink_API", "SnapLink_API\SnapLink_API.csproj", "{F8E9E348-D2B6-4628-8FCB-6127690515A2}"
EndProject
Project("{FAE04EC0-301F-11D3-BF4B-00C04F79EFBC}") = "SnapLink_Model", "SnapLink_Model\SnapLink_Model.csproj", "{E99762F4-9F69-4891-956C-5E1291C9D6EE}"
EndProject
Project("{FAE04EC0-301F-11D3-BF4B-00C04F79EFBC}") = "SnapLink_Repository", "SnapLink_Repository\SnapLink_Repository.csproj", "{82D20016-3308-46D8-8B26-4DECC199FC96}"
EndProject
Project("{FAE04EC0-301F-11D3-BF4B-00C04F79EFBC}") = "SnapLink_Service", "SnapLink_Service\SnapLink_Service.csproj", "{55182413-FB99-47D6-92FD-83C9228F334F}"
EndProject
Project("{FAE04EC0-301F-11D3-BF4B-00C04F79EFBC}") = "Tool", "Tool\Tool.csproj", "{D594F5B8-B315-4EDA-8227-44599734639B}"
EndProject
Global
	GlobalSection(SolutionConfigurationPlatforms) = preSolution
		Debug|Any CPU = Debug|Any CPU
		Release|Any CPU = Release|Any CPU
	EndGlobalSection
	GlobalSection(ProjectConfigurationPlatforms) = postSolution
		{F8E9E348-D2B6-4628-8FCB-6127690515A2}.Debug|Any CPU.ActiveCfg = Debug|Any CPU
		{F8E9E348-D2B6-4628-8FCB-6127690515A2}.Debug|Any CPU.Build.0 = Debug|Any CPU
		{F8E9E348-D2B6-4628-8FCB-6127690515A2}.Release|Any CPU.ActiveCfg = Release|Any CPU
		{F8E9E348-D2B6-4628-8FCB-6127690515A2}.Release|Any CPU.Build.0 = Release|Any CPU
		{E99762F4-9F69-4891-956C-5E1291C9D6EE}.Debug|Any CPU.ActiveCfg = Debug|Any CPU
		{E99762F4-9F69-4891-956C-5E1291C9D6EE}.Debug|Any CPU.Build.0 = Debug|Any CPU
		{E99762F4-9F69-4891-956C-5E1291C9D6EE}.Release|Any CPU.ActiveCfg = Release|Any CPU
		{E99762F4-9F69-4891-956C-5E1291C9D6EE}.Release|Any CPU.Build.0 = Release|Any CPU
		{82D20016-3308-46D8-8B26-4DECC199FC96}.Debug|Any CPU.ActiveCfg = Debug|Any CPU
		{82D20016-3308-46D8-8B26-4DECC199FC96}.Debug|Any CPU.Build.0 = Debug|Any CPU
		{82D20016-3308-46D8-8B26-4DECC199FC96}.Release|Any CPU.ActiveCfg = Release|Any CPU
		{82D20016-3308-46D8-8B26-4DECC199FC96}.Release|Any CPU.Build.0 = Release|Any CPU
		{55182413-FB99-47D6-92FD-83C9228F334F}.Debug|Any CPU.ActiveCfg = Debug|Any CPU
		{55182413-FB99-47D6-92FD-83C9228F334F}.Debug|Any CPU.Build.0 = Debug|Any CPU
		{55182413-FB99-47D6-92FD-83C9228F334F}.Release|Any CPU.ActiveCfg = Release|Any CPU
		{55182413-FB99-47D6-92FD-83C9228F334F}.Release|Any CPU.Build.0 = Release|Any CPU
		{D594F5B8-B315-4EDA-8227-44599734639B}.Debug|Any CPU.ActiveCfg = Debug|Any CPU
		{D594F5B8-B315-4EDA-8227-44599734639B}.Debug|Any CPU.Build.0 = Debug|Any CPU
		{D594F5B8-B315-4EDA-8227-44599734639B}.Release|Any CPU.ActiveCfg = Release|Any CPU
		{D594F5B8-B315-4EDA-8227-44599734639B}.Release|Any CPU.Build.0 = Release|Any CPU
	EndGlobalSection
	GlobalSection(SolutionProperties) = preSolution
		HideSolutionNode = FALSE
	EndGlobalSection
	GlobalSection(ExtensibilityGlobals) = postSolution
		SolutionGuid = {E9B14B85-9251-4DC5-B6D9-4C3031F0FCED}
	EndGlobalSection
EndGlobal
